# This file is automatically @generated by Cargo.
# It is not intended for manual editing.
version = 4

[[package]]
name = "omaghy"
version = "0.0.0"

[[package]]
name = "omaghy-api"
version = "0.0.0"

[[package]]
name = "omaghy-cache"
version = "0.0.0"

[[package]]
name = "omaghy-model"
version = "0.0.0"

[[package]]
name = "omaghy-sync"
version = "0.0.0"

[[package]]
name = "omaghy-tui"
version = "0.0.0"
